# THIS IS AN AUTOGENERATED FILE. DO NOT EDIT THIS FILE DIRECTLY.
# yarn lockfile v1


luxon@^2.3.1:
  version "2.3.1"
  resolved "https://registry.yarnpkg.com/luxon/-/luxon-2.3.1.tgz#f276b1b53fd9a740a60e666a541a7f6dbed4155a"
  integrity sha512-I8vnjOmhXsMSlNMZlMkSOvgrxKJl0uOsEzdGgGNZuZPaS9KlefpE9KV95QFftlJSC+1UyCC9/I69R02cz/zcCA==
